
Microsoft Visual Studio Solution File, Format Version 12.00
# Visual Studio 15
VisualStudioVersion = 15.0.26430.15
MinimumVisualStudioVersion = 10.0.40219.1
Project("{FAE04EC0-301F-11D3-BF4B-00C04F79EFBC}") = "Multiform_Products", "Multiform_Products\Multiform_Products.csproj", "{6B377FB3-A5EB-4721-8C96-24DEB76B845B}"
EndProject
Global
	GlobalSection(SolutionConfigurationPlatforms) = preSolution
		Debug|Any CPU = Debug|Any CPU
		Release|Any CPU = Release|Any CPU
	EndGlobalSection
	GlobalSection(ProjectConfigurationPlatforms) = postSolution
		{6B377FB3-A5EB-4721-8C96-24DEB76B845B}.Debug|Any CPU.ActiveCfg = Debug|Any CPU
		{6B377FB3-A5EB-4721-8C96-24DEB76B845B}.Debug|Any CPU.Build.0 = Debug|Any CPU
		{6B377FB3-A5EB-4721-8C96-24DEB76B845B}.Release|Any CPU.ActiveCfg = Release|Any CPU
		{6B377FB3-A5EB-4721-8C96-24DEB76B845B}.Release|Any CPU.Build.0 = Release|Any CPU
	EndGlobalSection
	GlobalSection(SolutionProperties) = preSolution
		HideSolutionNode = FALSE
	EndGlobalSection
EndGlobal
